
Microsoft Visual Studio Solution File, Format Version 12.00
# Visual Studio Version 16
VisualStudioVersion = 16.0.31019.35
MinimumVisualStudioVersion = 10.0.40219.1
Project("{FAE04EC0-301F-11D3-BF4B-00C04F79EFBC}") = "Pimage", "Pimage\Pimage.csproj", "{0860D833-FDB6-467D-88B8-48E2A5CAAE5F}"
EndProject
Global
	GlobalSection(SolutionConfigurationPlatforms) = preSolution
		Debug|Any CPU = Debug|Any CPU
		Release|Any CPU = Release|Any CPU
	EndGlobalSection
	GlobalSection(ProjectConfigurationPlatforms) = postSolution
		{0860D833-FDB6-467D-88B8-48E2A5CAAE5F}.Debug|Any CPU.ActiveCfg = Debug|Any CPU
		{0860D833-FDB6-467D-88B8-48E2A5CAAE5F}.Debug|Any CPU.Build.0 = Debug|Any CPU
		{0860D833-FDB6-467D-88B8-48E2A5CAAE5F}.Release|Any CPU.ActiveCfg = Release|Any CPU
		{0860D833-FDB6-467D-88B8-48E2A5CAAE5F}.Release|Any CPU.Build.0 = Release|Any CPU
	EndGlobalSection
	GlobalSection(SolutionProperties) = preSolution
		HideSolutionNode = FALSE
	EndGlobalSection
	GlobalSection(ExtensibilityGlobals) = postSolution
		SolutionGuid = {EA2F47B8-7BB6-4386-A894-0B5B9B916F73}
	EndGlobalSection
EndGlobal
